
Microsoft Visual Studio Solution File, Format Version 12.00
# Visual Studio Version 16
VisualStudioVersion = 16.0.808.8
MinimumVisualStudioVersion = 10.0.40219.1
Project("{FAE04EC0-301F-11D3-BF4B-00C04F79EFBC}") = "LifetimeServices", "LifetimeServices\LifetimeServices.csproj", "{1CE15F10-0717-4695-A344-E0D7206A672A}"
EndProject
Global
	GlobalSection(SolutionConfigurationPlatforms) = preSolution
		Debug|Any CPU = Debug|Any CPU
		Release|Any CPU = Release|Any CPU
	EndGlobalSection
	GlobalSection(ProjectConfigurationPlatforms) = postSolution
		{1CE15F10-0717-4695-A344-E0D7206A672A}.Debug|Any CPU.ActiveCfg = Debug|Any CPU
		{1CE15F10-0717-4695-A344-E0D7206A672A}.Debug|Any CPU.Build.0 = Debug|Any CPU
		{1CE15F10-0717-4695-A344-E0D7206A672A}.Release|Any CPU.ActiveCfg = Release|Any CPU
		{1CE15F10-0717-4695-A344-E0D7206A672A}.Release|Any CPU.Build.0 = Release|Any CPU
	EndGlobalSection
	GlobalSection(SolutionProperties) = preSolution
		HideSolutionNode = FALSE
	EndGlobalSection
	GlobalSection(ExtensibilityGlobals) = postSolution
		SolutionGuid = {E912F25D-E681-40E2-A527-FA69DE121B4E}
	EndGlobalSection
EndGlobal
